
Microsoft Visual Studio Solution File, Format Version 12.00
Project("{FAE04EC0-301F-11D3-BF4B-00C04F79EFBC}") = "Pong", "Pong\Pong.csproj", "{0B4ADABE-78A6-4D19-9EA3-D0DF33C78069}"
EndProject
Global
	GlobalSection(SolutionConfigurationPlatforms) = preSolution
		Debug|Any CPU = Debug|Any CPU
		Release|Any CPU = Release|Any CPU
	EndGlobalSection
	GlobalSection(ProjectConfigurationPlatforms) = postSolution
		{0B4ADABE-78A6-4D19-9EA3-D0DF33C78069}.Debug|Any CPU.ActiveCfg = Debug|Any CPU
		{0B4ADABE-78A6-4D19-9EA3-D0DF33C78069}.Debug|Any CPU.Build.0 = Debug|Any CPU
		{0B4ADABE-78A6-4D19-9EA3-D0DF33C78069}.Release|Any CPU.ActiveCfg = Release|Any CPU
		{0B4ADABE-78A6-4D19-9EA3-D0DF33C78069}.Release|Any CPU.Build.0 = Release|Any CPU
	EndGlobalSection
EndGlobal
